// !$*UTF8*$!
{
	archiveVersion = 1;
	classes = {
	};
	objectVersion = 56;
	objects = {

/* Begin PBXBuildFile section */
		BF2340042AEFF89F0060D88D /* AppDelegate.swift in Sources */ = {isa = PBXBuildFile; fileRef = BF2340032AEFF89F0060D88D /* AppDelegate.swift */; };
		BF2340062AEFF89F0060D88D /* SceneDelegate.swift in Sources */ = {isa = PBXBuildFile; fileRef = BF2340052AEFF89F0060D88D /* SceneDelegate.swift */; };
		BF2340082AEFF89F0060D88D /* ViewController.swift in Sources */ = {isa = PBXBuildFile; fileRef = BF2340072AEFF89F0060D88D /* ViewController.swift */; };
		BF23400B2AEFF89F0060D88D /* Main.storyboard in Resources */ = {isa = PBXBuildFile; fileRef = BF2340092AEFF89F0060D88D /* Main.storyboard */; };
		BF23400E2AEFF89F0060D88D /* quickChallenge.xcdatamodeld in Sources */ = {isa = PBXBuildFile; fileRef = BF23400C2AEFF89F0060D88D /* quickChallenge.xcdatamodeld */; };
		BF2340102AEFF8A10060D88D /* Assets.xcassets in Resources */ = {isa = PBXBuildFile; fileRef = BF23400F2AEFF8A10060D88D /* Assets.xcassets */; };
		BF2340132AEFF8A10060D88D /* LaunchScreen.storyboard in Resources */ = {isa = PBXBuildFile; fileRef = BF2340112AEFF8A10060D88D /* LaunchScreen.storyboard */; };
		BF23401E2AEFF8A10060D88D /* quickChallengeTests.swift in Sources */ = {isa = PBXBuildFile; fileRef = BF23401D2AEFF8A10060D88D /* quickChallengeTests.swift */; };
		BF2340282AEFF8A10060D88D /* quickChallengeUITests.swift in Sources */ = {isa = PBXBuildFile; fileRef = BF2340272AEFF8A10060D88D /* quickChallengeUITests.swift */; };
		BF23402A2AEFF8A10060D88D /* quickChallengeUITestsLaunchTests.swift in Sources */ = {isa = PBXBuildFile; fileRef = BF2340292AEFF8A10060D88D /* quickChallengeUITestsLaunchTests.swift */; };
/* End PBXBuildFile section */

/* Begin PBXContainerItemProxy section */
		BF23401A2AEFF8A10060D88D /* PBXContainerItemProxy */ = {
			isa = PBXContainerItemProxy;
			containerPortal = BF233FF82AEFF89F0060D88D /* Project object */;
			proxyType = 1;
			remoteGlobalIDString = BF233FFF2AEFF89F0060D88D;
			remoteInfo = quickChallenge;
		};
		BF2340242AEFF8A10060D88D /* PBXContainerItemProxy */ = {
			isa = PBXContainerItemProxy;
			containerPortal = BF233FF82AEFF89F0060D88D /* Project object */;
			proxyType = 1;
			remoteGlobalIDString = BF233FFF2AEFF89F0060D88D;
			remoteInfo = quickChallenge;
		};
/* End PBXContainerItemProxy section */

/* Begin PBXFileReference section */
		BF2340002AEFF89F0060D88D /* quickChallenge.app */ = {isa = PBXFileReference; explicitFileType = wrapper.application; includeInIndex = 0; path = quickChallenge.app; sourceTree = BUILT_PRODUCTS_DIR; };
		BF2340032AEFF89F0060D88D /* AppDelegate.swift */ = {isa = PBXFileReference; lastKnownFileType = sourcecode.swift; path = AppDelegate.swift; sourceTree = "<group>"; };
		BF2340052AEFF89F0060D88D /* SceneDelegate.swift */ = {isa = PBXFileReference; lastKnownFileType = sourcecode.swift; path = SceneDelegate.swift; sourceTree = "<group>"; };
		BF2340072AEFF89F0060D88D /* ViewController.swift */ = {isa = PBXFileReference; lastKnownFileType = sourcecode.swift; path = ViewController.swift; sourceTree = "<group>"; };
		BF23400A2AEFF89F0060D88D /* Base */ = {isa = PBXFileReference; lastKnownFileType = file.storyboard; name = Base; path = Base.lproj/Main.storyboard; sourceTree = "<group>"; };
		BF23400D2AEFF89F0060D88D /* quickChallenge.xcdatamodel */ = {isa = PBXFileReference; lastKnownFileType = wrapper.xcdatamodel; path = quickChallenge.xcdatamodel; sourceTree = "<group>"; };
		BF23400F2AEFF8A10060D88D /* Assets.xcassets */ = {isa = PBXFileReference; lastKnownFileType = folder.assetcatalog; path = Assets.xcassets; sourceTree = "<group>"; };
		BF2340122AEFF8A10060D88D /* Base */ = {isa = PBXFileReference; lastKnownFileType = file.storyboard; name = Base; path = Base.lproj/LaunchScreen.storyboard; sourceTree = "<group>"; };
		BF2340142AEFF8A10060D88D /* Info.plist */ = {isa = PBXFileReference; lastKnownFileType = text.plist.xml; path = Info.plist; sourceTree = "<group>"; };
		BF2340192AEFF8A10060D88D /* quickChallengeTests.xctest */ = {isa = PBXFileReference; explicitFileType = wrapper.cfbundle; includeInIndex = 0; path = quickChallengeTests.xctest; sourceTree = BUILT_PRODUCTS_DIR; };
		BF23401D2AEFF8A10060D88D /* quickChallengeTests.swift */ = {isa = PBXFileReference; lastKnownFileType = sourcecode.swift; path = quickChallengeTests.swift; sourceTree = "<group>"; };
		BF2340232AEFF8A10060D88D /* quickChallengeUITests.xctest */ = {isa = PBXFileReference; explicitFileType = wrapper.cfbundle; includeInIndex = 0; path = quickChallengeUITests.xctest; sourceTree = BUILT_PRODUCTS_DIR; };
		BF2340272AEFF8A10060D88D /* quickChallengeUITests.swift */ = {isa = PBXFileReference; lastKnownFileType = sourcecode.swift; path = quickChallengeUITests.swift; sourceTree = "<group>"; };
		BF2340292AEFF8A10060D88D /* quickChallengeUITestsLaunchTests.swift */ = {isa = PBXFileReference; lastKnownFileType = sourcecode.swift; path = quickChallengeUITestsLaunchTests.swift; sourceTree = "<group>"; };
/* End PBXFileReference section */

/* Begin PBXFrameworksBuildPhase section */
		BF233FFD2AEFF89F0060D88D /* Frameworks */ = {
			isa = PBXFrameworksBuildPhase;
			buildActionMask = 2147483647;
			files = (
			);
			runOnlyForDeploymentPostprocessing = 0;
		};
		BF2340162AEFF8A10060D88D /* Frameworks */ = {
			isa = PBXFrameworksBuildPhase;
			buildActionMask = 2147483647;
			files = (
			);
			runOnlyForDeploymentPostprocessing = 0;
		};
		BF2340202AEFF8A10060D88D /* Frameworks */ = {
			isa = PBXFrameworksBuildPhase;
			buildActionMask = 2147483647;
			files = (
			);
			runOnlyForDeploymentPostprocessing = 0;
		};
/* End PBXFrameworksBuildPhase section */

/* Begin PBXGroup section */
		BF233FF72AEFF89F0060D88D = {
			isa = PBXGroup;
			children = (
				BF2340022AEFF89F0060D88D /* quickChallenge */,
				BF23401C2AEFF8A10060D88D /* quickChallengeTests */,
				BF2340262AEFF8A10060D88D /* quickChallengeUITests */,
				BF2340012AEFF89F0060D88D /* Products */,
			);
			sourceTree = "<group>";
		};
		BF2340012AEFF89F0060D88D /* Products */ = {
			isa = PBXGroup;
			children = (
				BF2340002AEFF89F0060D88D /* quickChallenge.app */,
				BF2340192AEFF8A10060D88D /* quickChallengeTests.xctest */,
				BF2340232AEFF8A10060D88D /* quickChallengeUITests.xctest */,
			);
			name = Products;
			sourceTree = "<group>";
		};
		BF2340022AEFF89F0060D88D /* quickChallenge */ = {
			isa = PBXGroup;
			children = (
				BF2340032AEFF89F0060D88D /* AppDelegate.swift */,
				BF2340052AEFF89F0060D88D /* SceneDelegate.swift */,
				BF2340072AEFF89F0060D88D /* ViewController.swift */,
				BF2340092AEFF89F0060D88D /* Main.storyboard */,
				BF23400F2AEFF8A10060D88D /* Assets.xcassets */,
				BF2340112AEFF8A10060D88D /* LaunchScreen.storyboard */,
				BF2340142AEFF8A10060D88D /* Info.plist */,
				BF23400C2AEFF89F0060D88D /* quickChallenge.xcdatamodeld */,
			);
			path = quickChallenge;
			sourceTree = "<group>";
		};
		BF23401C2AEFF8A10060D88D /* quickChallengeTests */ = {
			isa = PBXGroup;
			children = (
				BF23401D2AEFF8A10060D88D /* quickChallengeTests.swift */,
			);
			path = quickChallengeTests;
			sourceTree = "<group>";
		};
		BF2340262AEFF8A10060D88D /* quickChallengeUITests */ = {
			isa = PBXGroup;
			children = (
				BF2340272AEFF8A10060D88D /* quickChallengeUITests.swift */,
				BF2340292AEFF8A10060D88D /* quickChallengeUITestsLaunchTests.swift */,
			);
			path = quickChallengeUITests;
			sourceTree = "<group>";
		};
/* End PBXGroup section */

/* Begin PBXNativeTarget section */
		BF233FFF2AEFF89F0060D88D /* quickChallenge */ = {
			isa = PBXNativeTarget;
			buildConfigurationList = BF23402D2AEFF8A10060D88D /* Build configuration list for PBXNativeTarget "quickChallenge" */;
			buildPhases = (
				BF233FFC2AEFF89F0060D88D /* Sources */,
				BF233FFD2AEFF89F0060D88D /* Frameworks */,
				BF233FFE2AEFF89F0060D88D /* Resources */,
			);
			buildRules = (
			);
			dependencies = (
			);
			name = quickChallenge;
			productName = quickChallenge;
			productReference = BF2340002AEFF89F0060D88D /* quickChallenge.app */;
			productType = "com.apple.product-type.application";
		};
		BF2340182AEFF8A10060D88D /* quickChallengeTests */ = {
			isa = PBXNativeTarget;
			buildConfigurationList = BF2340302AEFF8A10060D88D /* Build configuration list for PBXNativeTarget "quickChallengeTests" */;
			buildPhases = (
				BF2340152AEFF8A10060D88D /* Sources */,
				BF2340162AEFF8A10060D88D /* Frameworks */,
				BF2340172AEFF8A10060D88D /* Resources */,
			);
			buildRules = (
			);
			dependencies = (
				BF23401B2AEFF8A10060D88D /* PBXTargetDependency */,
			);
			name = quickChallengeTests;
			productName = quickChallengeTests;
			productReference = BF2340192AEFF8A10060D88D /* quickChallengeTests.xctest */;
			productType = "com.apple.product-type.bundle.unit-test";
		};
		BF2340222AEFF8A10060D88D /* quickChallengeUITests */ = {
			isa = PBXNativeTarget;
			buildConfigurationList = BF2340332AEFF8A10060D88D /* Build configuration list for PBXNativeTarget "quickChallengeUITests" */;
			buildPhases = (
				BF23401F2AEFF8A10060D88D /* Sources */,
				BF2340202AEFF8A10060D88D /* Frameworks */,
				BF2340212AEFF8A10060D88D /* Resources */,
			);
			buildRules = (
			);
			dependencies = (
				BF2340252AEFF8A10060D88D /* PBXTargetDependency */,
			);
			name = quickChallengeUITests;
			productName = quickChallengeUITests;
			productReference = BF2340232AEFF8A10060D88D /* quickChallengeUITests.xctest */;
			productType = "com.apple.product-type.bundle.ui-testing";
		};
/* End PBXNativeTarget section */

/* Begin PBXProject section */
		BF233FF82AEFF89F0060D88D /* Project object */ = {
			isa = PBXProject;
			attributes = {
				BuildIndependentTargetsInParallel = 1;
				LastSwiftUpdateCheck = 1430;
				LastUpgradeCheck = 1430;
				TargetAttributes = {
					BF233FFF2AEFF89F0060D88D = {
						CreatedOnToolsVersion = 14.3.1;
					};
					BF2340182AEFF8A10060D88D = {
						CreatedOnToolsVersion = 14.3.1;
						TestTargetID = BF233FFF2AEFF89F0060D88D;
					};
					BF2340222AEFF8A10060D88D = {
						CreatedOnToolsVersion = 14.3.1;
						TestTargetID = BF233FFF2AEFF89F0060D88D;
					};
				};
			};
			buildConfigurationList = BF233FFB2AEFF89F0060D88D /* Build configuration list for PBXProject "quickChallenge" */;
			compatibilityVersion = "Xcode 14.0";
			developmentRegion = en;
			hasScannedForEncodings = 0;
			knownRegions = (
				en,
				Base,
			);
			mainGroup = BF233FF72AEFF89F0060D88D;
			productRefGroup = BF2340012AEFF89F0060D88D /* Products */;
			projectDirPath = "";
			projectRoot = "";
			targets = (
				BF233FFF2AEFF89F0060D88D /* quickChallenge */,
				BF2340182AEFF8A10060D88D /* quickChallengeTests */,
				BF2340222AEFF8A10060D88D /* quickChallengeUITests */,
			);
		};
/* End PBXProject section */

/* Begin PBXResourcesBuildPhase section */
		BF233FFE2AEFF89F0060D88D /* Resources */ = {
			isa = PBXResourcesBuildPhase;
			buildActionMask = 2147483647;
			files = (
				BF2340132AEFF8A10060D88D /* LaunchScreen.storyboard in Resources */,
				BF2340102AEFF8A10060D88D /* Assets.xcassets in Resources */,
				BF23400B2AEFF89F0060D88D /* Main.storyboard in Resources */,
			);
			runOnlyForDeploymentPostprocessing = 0;
		};
		BF2340172AEFF8A10060D88D /* Resources */ = {
			isa = PBXResourcesBuildPhase;
			buildActionMask = 2147483647;
			files = (
			);
			runOnlyForDeploymentPostprocessing = 0;
		};
		BF2340212AEFF8A10060D88D /* Resources */ = {
			isa = PBXResourcesBuildPhase;
			buildActionMask = 2147483647;
			files = (
			);
			runOnlyForDeploymentPostprocessing = 0;
		};
/* End PBXResourcesBuildPhase section */

/* Begin PBXSourcesBuildPhase section */
		BF233FFC2AEFF89F0060D88D /* Sources */ = {
			isa = PBXSourcesBuildPhase;
			buildActionMask = 2147483647;
			files = (
				BF2340082AEFF89F0060D88D /* ViewController.swift in Sources */,
				BF2340042AEFF89F0060D88D /* AppDelegate.swift in Sources */,
				BF2340062AEFF89F0060D88D /* SceneDelegate.swift in Sources */,
				BF23400E2AEFF89F0060D88D /* quickChallenge.xcdatamodeld in Sources */,
			);
			runOnlyForDeploymentPostprocessing = 0;
		};
		BF2340152AEFF8A10060D88D /* Sources */ = {
			isa = PBXSourcesBuildPhase;
			buildActionMask = 2147483647;
			files = (
				BF23401E2AEFF8A10060D88D /* quickChallengeTests.swift in Sources */,
			);
			runOnlyForDeploymentPostprocessing = 0;
		};
		BF23401F2AEFF8A10060D88D /* Sources */ = {
			isa = PBXSourcesBuildPhase;
			buildActionMask = 2147483647;
			files = (
				BF23402A2AEFF8A10060D88D /* quickChallengeUITestsLaunchTests.swift in Sources */,
				BF2340282AEFF8A10060D88D /* quickChallengeUITests.swift in Sources */,
			);
			runOnlyForDeploymentPostprocessing = 0;
		};
/* End PBXSourcesBuildPhase section */

/* Begin PBXTargetDependency section */
		BF23401B2AEFF8A10060D88D /* PBXTargetDependency */ = {
			isa = PBXTargetDependency;
			target = BF233FFF2AEFF89F0060D88D /* quickChallenge */;
			targetProxy = BF23401A2AEFF8A10060D88D /* PBXContainerItemProxy */;
		};
		BF2340252AEFF8A10060D88D /* PBXTargetDependency */ = {
			isa = PBXTargetDependency;
			target = BF233FFF2AEFF89F0060D88D /* quickChallenge */;
			targetProxy = BF2340242AEFF8A10060D88D /* PBXContainerItemProxy */;
		};
/* End PBXTargetDependency section */

/* Begin PBXVariantGroup section */
		BF2340092AEFF89F0060D88D /* Main.storyboard */ = {
			isa = PBXVariantGroup;
			children = (
				BF23400A2AEFF89F0060D88D /* Base */,
			);
			name = Main.storyboard;
			sourceTree = "<group>";
		};
		BF2340112AEFF8A10060D88D /* LaunchScreen.storyboard */ = {
			isa = PBXVariantGroup;
			children = (
				BF2340122AEFF8A10060D88D /* Base */,
			);
			name = LaunchScreen.storyboard;
			sourceTree = "<group>";
		};
/* End PBXVariantGroup section */

/* Begin XCBuildConfiguration section */
		BF23402B2AEFF8A10060D88D /* Debug */ = {
			isa = XCBuildConfiguration;
			buildSettings = {
				ALWAYS_SEARCH_USER_PATHS = NO;
				CLANG_ANALYZER_NONNULL = YES;
				CLANG_ANALYZER_NUMBER_OBJECT_CONVERSION = YES_AGGRESSIVE;
				CLANG_CXX_LANGUAGE_STANDARD = "gnu++20";
				CLANG_ENABLE_MODULES = YES;
				CLANG_ENABLE_OBJC_ARC = YES;
				CLANG_ENABLE_OBJC_WEAK = YES;
				CLANG_WARN_BLOCK_CAPTURE_AUTORELEASING = YES;
				CLANG_WARN_BOOL_CONVERSION = YES;
				CLANG_WARN_COMMA = YES;
				CLANG_WARN_CONSTANT_CONVERSION = YES;
				CLANG_WARN_DEPRECATED_OBJC_IMPLEMENTATIONS = YES;
				CLANG_WARN_DIRECT_OBJC_ISA_USAGE = YES_ERROR;
				CLANG_WARN_DOCUMENTATION_COMMENTS = YES;
				CLANG_WARN_EMPTY_BODY = YES;
				CLANG_WARN_ENUM_CONVERSION = YES;
				CLANG_WARN_INFINITE_RECURSION = YES;
				CLANG_WARN_INT_CONVERSION = YES;
				CLANG_WARN_NON_LITERAL_NULL_CONVERSION = YES;
				CLANG_WARN_OBJC_IMPLICIT_RETAIN_SELF = YES;
				CLANG_WARN_OBJC_LITERAL_CONVERSION = YES;
				CLANG_WARN_OBJC_ROOT_CLASS = YES_ERROR;
				CLANG_WARN_QUOTED_INCLUDE_IN_FRAMEWORK_HEADER = YES;
				CLANG_WARN_RANGE_LOOP_ANALYSIS = YES;
				CLANG_WARN_STRICT_PROTOTYPES = YES;
				CLANG_WARN_SUSPICIOUS_MOVE = YES;
				CLANG_WARN_UNGUARDED_AVAILABILITY = YES_AGGRESSIVE;
				CLANG_WARN_UNREACHABLE_CODE = YES;
				CLANG_WARN__DUPLICATE_METHOD_MATCH = YES;
				COPY_PHASE_STRIP = NO;
				DEBUG_INFORMATION_FORMAT = dwarf;
				ENABLE_STRICT_OBJC_MSGSEND = YES;
				ENABLE_TESTABILITY = YES;
				GCC_C_LANGUAGE_STANDARD = gnu11;
				GCC_DYNAMIC_NO_PIC = NO;
				GCC_NO_COMMON_BLOCKS = YES;
				GCC_OPTIMIZATION_LEVEL = 0;
				GCC_PREPROCESSOR_DEFINITIONS = (
					"DEBUG=1",
					"$(inherited)",
				);
				GCC_WARN_64_TO_32_BIT_CONVERSION = YES;
				GCC_WARN_ABOUT_RETURN_TYPE = YES_ERROR;
				GCC_WARN_UNDECLARED_SELECTOR = YES;
				GCC_WARN_UNINITIALIZED_AUTOS = YES_AGGRESSIVE;
				GCC_WARN_UNUSED_FUNCTION = YES;
				GCC_WARN_UNUSED_VARIABLE = YES;
				IPHONEOS_DEPLOYMENT_TARGET = 16.4;
				MTL_ENABLE_DEBUG_INFO = INCLUDE_SOURCE;
				MTL_FAST_MATH = YES;
				ONLY_ACTIVE_ARCH = YES;
				SDKROOT = iphoneos;
				SWIFT_ACTIVE_COMPILATION_CONDITIONS = DEBUG;
				SWIFT_OPTIMIZATION_LEVEL = "-Onone";
			};
			name = Debug;
		};
		BF23402C2AEFF8A10060D88D /* Release */ = {
			isa = XCBuildConfiguration;
			buildSettings = {
				ALWAYS_SEARCH_USER_PATHS = NO;
				CLANG_ANALYZER_NONNULL = YES;
				CLANG_ANALYZER_NUMBER_OBJECT_CONVERSION = YES_AGGRESSIVE;
				CLANG_CXX_LANGUAGE_STANDARD = "gnu++20";
				CLANG_ENABLE_MODULES = YES;
				CLANG_ENABLE_OBJC_ARC = YES;
				CLANG_ENABLE_OBJC_WEAK = YES;
				CLANG_WARN_BLOCK_CAPTURE_AUTORELEASING = YES;
				CLANG_WARN_BOOL_CONVERSION = YES;
				CLANG_WARN_COMMA = YES;
				CLANG_WARN_CONSTANT_CONVERSION = YES;
				CLANG_WARN_DEPRECATED_OBJC_IMPLEMENTATIONS = YES;
				CLANG_WARN_DIRECT_OBJC_ISA_USAGE = YES_ERROR;
				CLANG_WARN_DOCUMENTATION_COMMENTS = YES;
				CLANG_WARN_EMPTY_BODY = YES;
				CLANG_WARN_ENUM_CONVERSION = YES;
				CLANG_WARN_INFINITE_RECURSION = YES;
				CLANG_WARN_INT_CONVERSION = YES;
				CLANG_WARN_NON_LITERAL_NULL_CONVERSION = YES;
				CLANG_WARN_OBJC_IMPLICIT_RETAIN_SELF = YES;
				CLANG_WARN_OBJC_LITERAL_CONVERSION = YES;
				CLANG_WARN_OBJC_ROOT_CLASS = YES_ERROR;
				CLANG_WARN_QUOTED_INCLUDE_IN_FRAMEWORK_HEADER = YES;
				CLANG_WARN_RANGE_LOOP_ANALYSIS = YES;
				CLANG_WARN_STRICT_PROTOTYPES = YES;
				CLANG_WARN_SUSPICIOUS_MOVE = YES;
				CLANG_WARN_UNGUARDED_AVAILABILITY = YES_AGGRESSIVE;
				CLANG_WARN_UNREACHABLE_CODE = YES;
				CLANG_WARN__DUPLICATE_METHOD_MATCH = YES;
				COPY_PHASE_STRIP = NO;
				DEBUG_INFORMATION_FORMAT = "dwarf-with-dsym";
				ENABLE_NS_ASSERTIONS = NO;
				ENABLE_STRICT_OBJC_MSGSEND = YES;
				GCC_C_LANGUAGE_STANDARD = gnu11;
				GCC_NO_COMMON_BLOCKS = YES;
				GCC_WARN_64_TO_32_BIT_CONVERSION = YES;
				GCC_WARN_ABOUT_RETURN_TYPE = YES_ERROR;
				GCC_WARN_UNDECLARED_SELECTOR = YES;
				GCC_WARN_UNINITIALIZED_AUTOS = YES_AGGRESSIVE;
				GCC_WARN_UNUSED_FUNCTION = YES;
				GCC_WARN_UNUSED_VARIABLE = YES;
				IPHONEOS_DEPLOYMENT_TARGET = 16.4;
				MTL_ENABLE_DEBUG_INFO = NO;
				MTL_FAST_MATH = YES;
				SDKROOT = iphoneos;
				SWIFT_COMPILATION_MODE = wholemodule;
				SWIFT_OPTIMIZATION_LEVEL = "-O";
				VALIDATE_PRODUCT = YES;
			};
			name = Release;
		};
		BF23402E2AEFF8A10060D88D /* Debug */ = {
			isa = XCBuildConfiguration;
			buildSettings = {
				ASSETCATALOG_COMPILER_APPICON_NAME = AppIcon;
				ASSETCATALOG_COMPILER_GLOBAL_ACCENT_COLOR_NAME = AccentColor;
				CODE_SIGN_STYLE = Automatic;
				CURRENT_PROJECT_VERSION = 1;
				DEVELOPMENT_TEAM = AYD3L47SWZ;
				GENERATE_INFOPLIST_FILE = YES;
				INFOPLIST_FILE = quickChallenge/Info.plist;
				INFOPLIST_KEY_UIApplicationSupportsIndirectInputEvents = YES;
				INFOPLIST_KEY_UILaunchStoryboardName = LaunchScreen;
				INFOPLIST_KEY_UIMainStoryboardFile = Main;
				INFOPLIST_KEY_UISupportedInterfaceOrientations_iPad = "UIInterfaceOrientationPortrait UIInterfaceOrientationPortraitUpsideDown UIInterfaceOrientationLandscapeLeft UIInterfaceOrientationLandscapeRight";
				INFOPLIST_KEY_UISupportedInterfaceOrientations_iPhone = "UIInterfaceOrientationPortrait UIInterfaceOrientationLandscapeLeft UIInterfaceOrientationLandscapeRight";
				LD_RUNPATH_SEARCH_PATHS = (
					"$(inherited)",
					"@executable_path/Frameworks",
				);
				MARKETING_VERSION = 1.0;
				PRODUCT_BUNDLE_IDENTIFIER = clc.quickChallenge;
				PRODUCT_NAME = "$(TARGET_NAME)";
				SWIFT_EMIT_LOC_STRINGS = YES;
				SWIFT_VERSION = 5.0;
				TARGETED_DEVICE_FAMILY = "1,2";
			};
			name = Debug;
		};
		BF23402F2AEFF8A10060D88D /* Release */ = {
			isa = XCBuildConfiguration;
			buildSettings = {
				ASSETCATALOG_COMPILER_APPICON_NAME = AppIcon;
				ASSETCATALOG_COMPILER_GLOBAL_ACCENT_COLOR_NAME = AccentColor;
				CODE_SIGN_STYLE = Automatic;
				CURRENT_PROJECT_VERSION = 1;
				DEVELOPMENT_TEAM = AYD3L47SWZ;
				GENERATE_INFOPLIST_FILE = YES;
				INFOPLIST_FILE = quickChallenge/Info.plist;
				INFOPLIST_KEY_UIApplicationSupportsIndirectInputEvents = YES;
				INFOPLIST_KEY_UILaunchStoryboardName = LaunchScreen;
				INFOPLIST_KEY_UIMainStoryboardFile = Main;
				INFOPLIST_KEY_UISupportedInterfaceOrientations_iPad = "UIInterfaceOrientationPortrait UIInterfaceOrientationPortraitUpsideDown UIInterfaceOrientationLandscapeLeft UIInterfaceOrientationLandscapeRight";
				INFOPLIST_KEY_UISupportedInterfaceOrientations_iPhone = "UIInterfaceOrientationPortrait UIInterfaceOrientationLandscapeLeft UIInterfaceOrientationLandscapeRight";
				LD_RUNPATH_SEARCH_PATHS = (
					"$(inherited)",
					"@executable_path/Frameworks",
				);
				MARKETING_VERSION = 1.0;
				PRODUCT_BUNDLE_IDENTIFIER = clc.quickChallenge;
				PRODUCT_NAME = "$(TARGET_NAME)";
				SWIFT_EMIT_LOC_STRINGS = YES;
				SWIFT_VERSION = 5.0;
				TARGETED_DEVICE_FAMILY = "1,2";
			};
			name = Release;
		};
		BF2340312AEFF8A10060D88D /* Debug */ = {
			isa = XCBuildConfiguration;
			buildSettings = {
				ALWAYS_EMBED_SWIFT_STANDARD_LIBRARIES = YES;
				BUNDLE_LOADER = "$(TEST_HOST)";
				CODE_SIGN_STYLE = Automatic;
				CURRENT_PROJECT_VERSION = 1;
				DEVELOPMENT_TEAM = AYD3L47SWZ;
				GENERATE_INFOPLIST_FILE = YES;
				IPHONEOS_DEPLOYMENT_TARGET = 16.4;
				MARKETING_VERSION = 1.0;
				PRODUCT_BUNDLE_IDENTIFIER = clc.quickChallengeTests;
				PRODUCT_NAME = "$(TARGET_NAME)";
				SWIFT_EMIT_LOC_STRINGS = NO;
				SWIFT_VERSION = 5.0;
				TARGETED_DEVICE_FAMILY = "1,2";
				TEST_HOST = "$(BUILT_PRODUCTS_DIR)/quickChallenge.app/$(BUNDLE_EXECUTABLE_FOLDER_PATH)/quickChallenge";
			};
			name = Debug;
		};
		BF2340322AEFF8A10060D88D /* Release */ = {
			isa = XCBuildConfiguration;
			buildSettings = {
				ALWAYS_EMBED_SWIFT_STANDARD_LIBRARIES = YES;
				BUNDLE_LOADER = "$(TEST_HOST)";
				CODE_SIGN_STYLE = Automatic;
				CURRENT_PROJECT_VERSION = 1;
				DEVELOPMENT_TEAM = AYD3L47SWZ;
				GENERATE_INFOPLIST_FILE = YES;
				IPHONEOS_DEPLOYMENT_TARGET = 16.4;
				MARKETING_VERSION = 1.0;
				PRODUCT_BUNDLE_IDENTIFIER = clc.quickChallengeTests;
				PRODUCT_NAME = "$(TARGET_NAME)";
				SWIFT_EMIT_LOC_STRINGS = NO;
				SWIFT_VERSION = 5.0;
				TARGETED_DEVICE_FAMILY = "1,2";
				TEST_HOST = "$(BUILT_PRODUCTS_DIR)/quickChallenge.app/$(BUNDLE_EXECUTABLE_FOLDER_PATH)/quickChallenge";
			};
			name = Release;
		};
		BF2340342AEFF8A10060D88D /* Debug */ = {
			isa = XCBuildConfiguration;
			buildSettings = {
				ALWAYS_EMBED_SWIFT_STANDARD_LIBRARIES = YES;
				CODE_SIGN_STYLE = Automatic;
				CURRENT_PROJECT_VERSION = 1;
				DEVELOPMENT_TEAM = AYD3L47SWZ;
				GENERATE_INFOPLIST_FILE = YES;
				MARKETING_VERSION = 1.0;
				PRODUCT_BUNDLE_IDENTIFIER = clc.quickChallengeUITests;
				PRODUCT_NAME = "$(TARGET_NAME)";
				SWIFT_EMIT_LOC_STRINGS = NO;
				SWIFT_VERSION = 5.0;
				TARGETED_DEVICE_FAMILY = "1,2";
				TEST_TARGET_NAME = quickChallenge;
			};
			name = Debug;
		};
		BF2340352AEFF8A10060D88D /* Release */ = {
			isa = XCBuildConfiguration;
			buildSettings = {
				ALWAYS_EMBED_SWIFT_STANDARD_LIBRARIES = YES;
				CODE_SIGN_STYLE = Automatic;
				CURRENT_PROJECT_VERSION = 1;
				DEVELOPMENT_TEAM = AYD3L47SWZ;
				GENERATE_INFOPLIST_FILE = YES;
				MARKETING_VERSION = 1.0;
				PRODUCT_BUNDLE_IDENTIFIER = clc.quickChallengeUITests;
				PRODUCT_NAME = "$(TARGET_NAME)";
				SWIFT_EMIT_LOC_STRINGS = NO;
				SWIFT_VERSION = 5.0;
				TARGETED_DEVICE_FAMILY = "1,2";
				TEST_TARGET_NAME = quickChallenge;
			};
			name = Release;
		};
/* End XCBuildConfiguration section */

/* Begin XCConfigurationList section */
		BF233FFB2AEFF89F0060D88D /* Build configuration list for PBXProject "quickChallenge" */ = {
			isa = XCConfigurationList;
			buildConfigurations = (
				BF23402B2AEFF8A10060D88D /* Debug */,
				BF23402C2AEFF8A10060D88D /* Release */,
			);
			defaultConfigurationIsVisible = 0;
			defaultConfigurationName = Release;
		};
		BF23402D2AEFF8A10060D88D /* Build configuration list for PBXNativeTarget "quickChallenge" */ = {
			isa = XCConfigurationList;
			buildConfigurations = (
				BF23402E2AEFF8A10060D88D /* Debug */,
				BF23402F2AEFF8A10060D88D /* Release */,
			);
			defaultConfigurationIsVisible = 0;
			defaultConfigurationName = Release;
		};
		BF2340302AEFF8A10060D88D /* Build configuration list for PBXNativeTarget "quickChallengeTests" */ = {
			isa = XCConfigurationList;
			buildConfigurations = (
				BF2340312AEFF8A10060D88D /* Debug */,
				BF2340322AEFF8A10060D88D /* Release */,
			);
			defaultConfigurationIsVisible = 0;
			defaultConfigurationName = Release;
		};
		BF2340332AEFF8A10060D88D /* Build configuration list for PBXNativeTarget "quickChallengeUITests" */ = {
			isa = XCConfigurationList;
			buildConfigurations = (
				BF2340342AEFF8A10060D88D /* Debug */,
				BF2340352AEFF8A10060D88D /* Release */,
			);
			defaultConfigurationIsVisible = 0;
			defaultConfigurationName = Release;
		};
/* End XCConfigurationList section */

/* Begin XCVersionGroup section */
		BF23400C2AEFF89F0060D88D /* quickChallenge.xcdatamodeld */ = {
			isa = XCVersionGroup;
			children = (
				BF23400D2AEFF89F0060D88D /* quickChallenge.xcdatamodel */,
			);
			currentVersion = BF23400D2AEFF89F0060D88D /* quickChallenge.xcdatamodel */;
			path = quickChallenge.xcdatamodeld;
			sourceTree = "<group>";
			versionGroupType = wrapper.xcdatamodel;
		};
/* End XCVersionGroup section */
	};
	rootObject = BF233FF82AEFF89F0060D88D /* Project object */;
}
